PODS:
  - J2ObjC (0.9.3.1):
    - J2ObjC/lib/jre
  - J2ObjC/lib/jre (0.9.3.1)
  - Prettytime (3.2.6.1):
    - Prettytime/core/ptime
  - Prettytime/core/ptime (3.2.6.1)

DEPENDENCIES:
  - J2ObjC (from `git@github.com:laundrapp/j2objc.git`)
  - Prettytime (from `Prettytime.podspec`)

EXTERNAL SOURCES:
  J2ObjC:
    :git: git@github.com:laundrapp/j2objc.git
  Prettytime:
    :path: Prettytime.podspec

SPEC CHECKSUMS:
  J2ObjC: 8978b51aea3bc6fcb38c5e3ffe973c6fbeb001a2
  Prettytime: f290af72b5ef170eef382e36544ea93c3e03ab82

COCOAPODS: 0.33.1
